
Microsoft Visual Studio Solution File, Format Version 12.00
# Visual Studio Version 16
VisualStudioVersion = 16.0.30611.23
MinimumVisualStudioVersion = 10.0.40219.1
Project("{888888A0-9F3D-457C-B088-3A5042F75D52}") = "kontrolltoo2", "kontrolltoo2.pyproj", "{FA5FE903-8EF5-4AE1-A094-98ECFDB00C65}"
EndProject
Global
	GlobalSection(SolutionConfigurationPlatforms) = preSolution
		Debug|Any CPU = Debug|Any CPU
		Release|Any CPU = Release|Any CPU
	EndGlobalSection
	GlobalSection(ProjectConfigurationPlatforms) = postSolution
		{FA5FE903-8EF5-4AE1-A094-98ECFDB00C65}.Debug|Any CPU.ActiveCfg = Debug|Any CPU
		{FA5FE903-8EF5-4AE1-A094-98ECFDB00C65}.Release|Any CPU.ActiveCfg = Release|Any CPU
	EndGlobalSection
	GlobalSection(SolutionProperties) = preSolution
		HideSolutionNode = FALSE
	EndGlobalSection
	GlobalSection(ExtensibilityGlobals) = postSolution
		SolutionGuid = {F71218E3-FE96-4970-9893-7A6706533FFB}
	EndGlobalSection
EndGlobal
